
Microsoft Visual Studio Solution File, Format Version 12.00
# Visual Studio Version 16
VisualStudioVersion = 16.0.29418.71
MinimumVisualStudioVersion = 10.0.40219.1
Project("{9A19103F-16F7-4668-BE54-9A1E7A4F7556}") = "SQL task", "SQL task\SQL task.csproj", "{F541CF15-04D9-459D-BE2E-81A78CF246DF}"
EndProject
Project("{FAE04EC0-301F-11D3-BF4B-00C04F79EFBC}") = "Binding_Task1", "Binding_Task1\Binding_Task1.csproj", "{0FBD387E-0746-4ADC-890F-78DF17A7EE79}"
EndProject
Project("{FAE04EC0-301F-11D3-BF4B-00C04F79EFBC}") = "Binding_Task1_2", "Binding_Task2\Binding_Task1_2.csproj", "{CAC6A0CF-B065-4D7C-BF57-9FEB0C54BC46}"
EndProject
Project("{FAE04EC0-301F-11D3-BF4B-00C04F79EFBC}") = "Binding_Task1_3", "Binding_Task1_3\Binding_Task1_3.csproj", "{397423D6-403D-4393-A4B0-390FFF167AB0}"
EndProject
Global
	GlobalSection(SolutionConfigurationPlatforms) = preSolution
		Debug|Any CPU = Debug|Any CPU
		Release|Any CPU = Release|Any CPU
	EndGlobalSection
	GlobalSection(ProjectConfigurationPlatforms) = postSolution
		{F541CF15-04D9-459D-BE2E-81A78CF246DF}.Debug|Any CPU.ActiveCfg = Debug|Any CPU
		{F541CF15-04D9-459D-BE2E-81A78CF246DF}.Debug|Any CPU.Build.0 = Debug|Any CPU
		{F541CF15-04D9-459D-BE2E-81A78CF246DF}.Release|Any CPU.ActiveCfg = Release|Any CPU
		{F541CF15-04D9-459D-BE2E-81A78CF246DF}.Release|Any CPU.Build.0 = Release|Any CPU
		{0FBD387E-0746-4ADC-890F-78DF17A7EE79}.Debug|Any CPU.ActiveCfg = Debug|Any CPU
		{0FBD387E-0746-4ADC-890F-78DF17A7EE79}.Debug|Any CPU.Build.0 = Debug|Any CPU
		{0FBD387E-0746-4ADC-890F-78DF17A7EE79}.Release|Any CPU.ActiveCfg = Release|Any CPU
		{0FBD387E-0746-4ADC-890F-78DF17A7EE79}.Release|Any CPU.Build.0 = Release|Any CPU
		{CAC6A0CF-B065-4D7C-BF57-9FEB0C54BC46}.Debug|Any CPU.ActiveCfg = Debug|Any CPU
		{CAC6A0CF-B065-4D7C-BF57-9FEB0C54BC46}.Debug|Any CPU.Build.0 = Debug|Any CPU
		{CAC6A0CF-B065-4D7C-BF57-9FEB0C54BC46}.Release|Any CPU.ActiveCfg = Release|Any CPU
		{CAC6A0CF-B065-4D7C-BF57-9FEB0C54BC46}.Release|Any CPU.Build.0 = Release|Any CPU
		{397423D6-403D-4393-A4B0-390FFF167AB0}.Debug|Any CPU.ActiveCfg = Debug|Any CPU
		{397423D6-403D-4393-A4B0-390FFF167AB0}.Debug|Any CPU.Build.0 = Debug|Any CPU
		{397423D6-403D-4393-A4B0-390FFF167AB0}.Release|Any CPU.ActiveCfg = Release|Any CPU
		{397423D6-403D-4393-A4B0-390FFF167AB0}.Release|Any CPU.Build.0 = Release|Any CPU
	EndGlobalSection
	GlobalSection(SolutionProperties) = preSolution
		HideSolutionNode = FALSE
	EndGlobalSection
	GlobalSection(ExtensibilityGlobals) = postSolution
		SolutionGuid = {1BEE6739-8EE4-430F-98A5-76103F041986}
	EndGlobalSection
EndGlobal
